
Microsoft Visual Studio Solution File, Format Version 12.00
# Visual Studio Version 17
VisualStudioVersion = 17.10.35201.131
MinimumVisualStudioVersion = 10.0.40219.1
Project("{FAE04EC0-301F-11D3-BF4B-00C04F79EFBC}") = "CryptKeeper", "CryptKeeper\CryptKeeper.csproj", "{5772511E-1C56-4B4A-9106-A1C2D9FB6AEA}"
EndProject
Global
	GlobalSection(SolutionConfigurationPlatforms) = preSolution
		Debug|Any CPU = Debug|Any CPU
		Release|Any CPU = Release|Any CPU
	EndGlobalSection
	GlobalSection(ProjectConfigurationPlatforms) = postSolution
		{5772511E-1C56-4B4A-9106-A1C2D9FB6AEA}.Debug|Any CPU.ActiveCfg = Debug|Any CPU
		{5772511E-1C56-4B4A-9106-A1C2D9FB6AEA}.Debug|Any CPU.Build.0 = Debug|Any CPU
		{5772511E-1C56-4B4A-9106-A1C2D9FB6AEA}.Release|Any CPU.ActiveCfg = Release|Any CPU
		{5772511E-1C56-4B4A-9106-A1C2D9FB6AEA}.Release|Any CPU.Build.0 = Release|Any CPU
	EndGlobalSection
	GlobalSection(SolutionProperties) = preSolution
		HideSolutionNode = FALSE
	EndGlobalSection
	GlobalSection(ExtensibilityGlobals) = postSolution
		SolutionGuid = {DCBF95AE-4D55-4404-B5FD-75A0B3E5348A}
	EndGlobalSection
EndGlobal
